// !$*UTF8*$!
{
	archiveVersion = 1;
	classes = {
	};
	objectVersion = 46;
	objects = {

/* Begin PBXBuildFile section */
		B76D54DE14925A9800D6CE30 /* jaricom.c in Sources */ = {isa = PBXBuildFile; fileRef = B76D543F1492567B00D6CE30 /* jaricom.c */; };
		B76D54DF14925A9800D6CE30 /* jcapimin.c in Sources */ = {isa = PBXBuildFile; fileRef = B76D54401492567B00D6CE30 /* jcapimin.c */; };
		B76D54E014925A9800D6CE30 /* jcapistd.c in Sources */ = {isa = PBXBuildFile; fileRef = B76D54411492567B00D6CE30 /* jcapistd.c */; };
		B76D54E114925A9800D6CE30 /* jcarith.c in Sources */ = {isa = PBXBuildFile; fileRef = B76D54421492567B00D6CE30 /* jcarith.c */; };
		B76D54E214925A9800D6CE30 /* jccoefct.c in Sources */ = {isa = PBXBuildFile; fileRef = B76D54431492567B00D6CE30 /* jccoefct.c */; };
		B76D54E314925A9800D6CE30 /* jccolor.c in Sources */ = {isa = PBXBuildFile; fileRef = B76D54441492567B00D6CE30 /* jccolor.c */; };
		B76D54E414925A9800D6CE30 /* jcdctmgr.c in Sources */ = {isa = PBXBuildFile; fileRef = B76D54451492567B00D6CE30 /* jcdctmgr.c */; };
		B76D54E514925A9800D6CE30 /* jchuff.c in Sources */ = {isa = PBXBuildFile; fileRef = B76D54461492567B00D6CE30 /* jchuff.c */; };
		B76D54E614925A9800D6CE30 /* jcinit.c in Sources */ = {isa = PBXBuildFile; fileRef = B76D54471492567B00D6CE30 /* jcinit.c */; };
		B76D54E714925A9800D6CE30 /* jcmainct.c in Sources */ = {isa = PBXBuildFile; fileRef = B76D54481492567B00D6CE30 /* jcmainct.c */; };
		B76D54E814925A9800D6CE30 /* jcmarker.c in Sources */ = {isa = PBXBuildFile; fileRef = B76D54491492567B00D6CE30 /* jcmarker.c */; };
		B76D54E914925A9800D6CE30 /* jcmaster.c in Sources */ = {isa = PBXBuildFile; fileRef = B76D544A1492567B00D6CE30 /* jcmaster.c */; };
		B76D54EA14925A9800D6CE30 /* jcomapi.c in Sources */ = {isa = PBXBuildFile; fileRef = B76D544B1492567B00D6CE30 /* jcomapi.c */; };
		B76D54EB14925A9800D6CE30 /* jcparam.c in Sources */ = {isa = PBXBuildFile; fileRef = B76D544C1492567B00D6CE30 /* jcparam.c */; };
		B76D54EC14925A9800D6CE30 /* jcprepct.c in Sources */ = {isa = PBXBuildFile; fileRef = B76D544D1492567B00D6CE30 /* jcprepct.c */; };
		B76D54ED14925A9800D6CE30 /* jcsample.c in Sources */ = {isa = PBXBuildFile; fileRef = B76D544E1492567B00D6CE30 /* jcsample.c */; };
		B76D54EE14925A9800D6CE30 /* jctrans.c in Sources */ = {isa = PBXBuildFile; fileRef = B76D544F1492567B00D6CE30 /* jctrans.c */; };
		B76D54EF14925A9800D6CE30 /* jdapimin.c in Sources */ = {isa = PBXBuildFile; fileRef = B76D54501492567B00D6CE30 /* jdapimin.c */; };
		B76D54F014925A9800D6CE30 /* jdapistd.c in Sources */ = {isa = PBXBuildFile; fileRef = B76D54511492567B00D6CE30 /* jdapistd.c */; };
		B76D54F114925A9800D6CE30 /* jdarith.c in Sources */ = {isa = PBXBuildFile; fileRef = B76D54521492567B00D6CE30 /* jdarith.c */; };
		B76D54F214925A9800D6CE30 /* jdatadst.c in Sources */ = {isa = PBXBuildFile; fileRef = B76D54531492567B00D6CE30 /* jdatadst.c */; };
		B76D54F314925A9800D6CE30 /* jdatasrc.c in Sources */ = {isa = PBXBuildFile; fileRef = B76D54541492567B00D6CE30 /* jdatasrc.c */; };
		B76D54F414925A9800D6CE30 /* jdcoefct.c in Sources */ = {isa = PBXBuildFile; fileRef = B76D54551492567B00D6CE30 /* jdcoefct.c */; };
		B76D54F514925A9800D6CE30 /* jdcolor.c in Sources */ = {isa = PBXBuildFile; fileRef = B76D54561492567B00D6CE30 /* jdcolor.c */; };
		B76D54F614925A9800D6CE30 /* jddctmgr.c in Sources */ = {isa = PBXBuildFile; fileRef = B76D54571492567B00D6CE30 /* jddctmgr.c */; };
		B76D54F714925A9800D6CE30 /* jdhuff.c in Sources */ = {isa = PBXBuildFile; fileRef = B76D54581492567B00D6CE30 /* jdhuff.c */; };
		B76D54F814925A9800D6CE30 /* jdinput.c in Sources */ = {isa = PBXBuildFile; fileRef = B76D54591492567B00D6CE30 /* jdinput.c */; };
		B76D54F914925A9800D6CE30 /* jdmainct.c in Sources */ = {isa = PBXBuildFile; fileRef = B76D545A1492567B00D6CE30 /* jdmainct.c */; };
		B76D54FA14925A9800D6CE30 /* jdmarker.c in Sources */ = {isa = PBXBuildFile; fileRef = B76D545B1492567B00D6CE30 /* jdmarker.c */; };
		B76D54FB14925A9800D6CE30 /* jdmaster.c in Sources */ = {isa = PBXBuildFile; fileRef = B76D545C1492567B00D6CE30 /* jdmaster.c */; };
		B76D54FC14925A9800D6CE30 /* jdmerge.c in Sources */ = {isa = PBXBuildFile; fileRef = B76D545D1492567B00D6CE30 /* jdmerge.c */; };
		B76D54FD14925A9800D6CE30 /* jdpostct.c in Sources */ = {isa = PBXBuildFile; fileRef = B76D545E1492567B00D6CE30 /* jdpostct.c */; };
		B76D54FE14925A9800D6CE30 /* jdsample.c in Sources */ = {isa = PBXBuildFile; fileRef = B76D545F1492567B00D6CE30 /* jdsample.c */; };
		B76D54FF14925A9800D6CE30 /* jdtrans.c in Sources */ = {isa = PBXBuildFile; fileRef = B76D54601492567B00D6CE30 /* jdtrans.c */; };
		B76D550014925A9800D6CE30 /* jerror.c in Sources */ = {isa = PBXBuildFile; fileRef = B76D54611492567B00D6CE30 /* jerror.c */; };
		B76D550114925A9800D6CE30 /* jfdctflt.c in Sources */ = {isa = PBXBuildFile; fileRef = B76D54621492567B00D6CE30 /* jfdctflt.c */; };
		B76D550214925A9800D6CE30 /* jfdctfst.c in Sources */ = {isa = PBXBuildFile; fileRef = B76D54631492567B00D6CE30 /* jfdctfst.c */; };
		B76D550314925A9800D6CE30 /* jfdctint.c in Sources */ = {isa = PBXBuildFile; fileRef = B76D54641492567B00D6CE30 /* jfdctint.c */; };
		B76D550414925A9800D6CE30 /* jidctflt.c in Sources */ = {isa = PBXBuildFile; fileRef = B76D54651492567B00D6CE30 /* jidctflt.c */; };
		B76D550514925A9800D6CE30 /* jidctfst.c in Sources */ = {isa = PBXBuildFile; fileRef = B76D54661492567B00D6CE30 /* jidctfst.c */; };
		B76D550614925A9800D6CE30 /* jidctint.c in Sources */ = {isa = PBXBuildFile; fileRef = B76D54671492567B00D6CE30 /* jidctint.c */; };
		B76D550714925A9800D6CE30 /* jmemmgr.c in Sources */ = {isa = PBXBuildFile; fileRef = B76D546B1492567B00D6CE30 /* jmemmgr.c */; };
		B76D550814925A9800D6CE30 /* jmemnobs.c in Sources */ = {isa = PBXBuildFile; fileRef = B76D546D1492567B00D6CE30 /* jmemnobs.c */; };
		B76D550914925A9800D6CE30 /* jquant1.c in Sources */ = {isa = PBXBuildFile; fileRef = B76D546F1492567B00D6CE30 /* jquant1.c */; };
		B76D550A14925A9800D6CE30 /* jquant2.c in Sources */ = {isa = PBXBuildFile; fileRef = B76D54701492567B00D6CE30 /* jquant2.c */; };
		B76D550B14925A9800D6CE30 /* jutils.c in Sources */ = {isa = PBXBuildFile; fileRef = B76D54711492567B00D6CE30 /* jutils.c */; };
/* End PBXBuildFile section */

/* Begin PBXFileReference section */
		B76D543F1492567B00D6CE30 /* jaricom.c */ = {isa = PBXFileReference; fileEncoding = 4; lastKnownFileType = sourcecode.c.c; name = jaricom.c; path = "jpeg-8c/jaricom.c"; sourceTree = "<group>"; };
		B76D54401492567B00D6CE30 /* jcapimin.c */ = {isa = PBXFileReference; fileEncoding = 4; lastKnownFileType = sourcecode.c.c; name = jcapimin.c; path = "jpeg-8c/jcapimin.c"; sourceTree = "<group>"; };
		B76D54411492567B00D6CE30 /* jcapistd.c */ = {isa = PBXFileReference; fileEncoding = 4; lastKnownFileType = sourcecode.c.c; name = jcapistd.c; path = "jpeg-8c/jcapistd.c"; sourceTree = "<group>"; };
		B76D54421492567B00D6CE30 /* jcarith.c */ = {isa = PBXFileReference; fileEncoding = 4; lastKnownFileType = sourcecode.c.c; name = jcarith.c; path = "jpeg-8c/jcarith.c"; sourceTree = "<group>"; };
		B76D54431492567B00D6CE30 /* jccoefct.c */ = {isa = PBXFileReference; fileEncoding = 4; lastKnownFileType = sourcecode.c.c; name = jccoefct.c; path = "jpeg-8c/jccoefct.c"; sourceTree = "<group>"; };
		B76D54441492567B00D6CE30 /* jccolor.c */ = {isa = PBXFileReference; fileEncoding = 4; lastKnownFileType = sourcecode.c.c; name = jccolor.c; path = "jpeg-8c/jccolor.c"; sourceTree = "<group>"; };
		B76D54451492567B00D6CE30 /* jcdctmgr.c */ = {isa = PBXFileReference; fileEncoding = 4; lastKnownFileType = sourcecode.c.c; name = jcdctmgr.c; path = "jpeg-8c/jcdctmgr.c"; sourceTree = "<group>"; };
		B76D54461492567B00D6CE30 /* jchuff.c */ = {isa = PBXFileReference; fileEncoding = 4; lastKnownFileType = sourcecode.c.c; name = jchuff.c; path = "jpeg-8c/jchuff.c"; sourceTree = "<group>"; };
		B76D54471492567B00D6CE30 /* jcinit.c */ = {isa = PBXFileReference; fileEncoding = 4; lastKnownFileType = sourcecode.c.c; name = jcinit.c; path = "jpeg-8c/jcinit.c"; sourceTree = "<group>"; };
		B76D54481492567B00D6CE30 /* jcmainct.c */ = {isa = PBXFileReference; fileEncoding = 4; lastKnownFileType = sourcecode.c.c; name = jcmainct.c; path = "jpeg-8c/jcmainct.c"; sourceTree = "<group>"; };
		B76D54491492567B00D6CE30 /* jcmarker.c */ = {isa = PBXFileReference; fileEncoding = 4; lastKnownFileType = sourcecode.c.c; name = jcmarker.c; path = "jpeg-8c/jcmarker.c"; sourceTree = "<group>"; };
		B76D544A1492567B00D6CE30 /* jcmaster.c */ = {isa = PBXFileReference; fileEncoding = 4; lastKnownFileType = sourcecode.c.c; name = jcmaster.c; path = "jpeg-8c/jcmaster.c"; sourceTree = "<group>"; };
		B76D544B1492567B00D6CE30 /* jcomapi.c */ = {isa = PBXFileReference; fileEncoding = 4; lastKnownFileType = sourcecode.c.c; name = jcomapi.c; path = "jpeg-8c/jcomapi.c"; sourceTree = "<group>"; };
		B76D544C1492567B00D6CE30 /* jcparam.c */ = {isa = PBXFileReference; fileEncoding = 4; lastKnownFileType = sourcecode.c.c; name = jcparam.c; path = "jpeg-8c/jcparam.c"; sourceTree = "<group>"; };
		B76D544D1492567B00D6CE30 /* jcprepct.c */ = {isa = PBXFileReference; fileEncoding = 4; lastKnownFileType = sourcecode.c.c; name = jcprepct.c; path = "jpeg-8c/jcprepct.c"; sourceTree = "<group>"; };
		B76D544E1492567B00D6CE30 /* jcsample.c */ = {isa = PBXFileReference; fileEncoding = 4; lastKnownFileType = sourcecode.c.c; name = jcsample.c; path = "jpeg-8c/jcsample.c"; sourceTree = "<group>"; };
		B76D544F1492567B00D6CE30 /* jctrans.c */ = {isa = PBXFileReference; fileEncoding = 4; lastKnownFileType = sourcecode.c.c; name = jctrans.c; path = "jpeg-8c/jctrans.c"; sourceTree = "<group>"; };
		B76D54501492567B00D6CE30 /* jdapimin.c */ = {isa = PBXFileReference; fileEncoding = 4; lastKnownFileType = sourcecode.c.c; name = jdapimin.c; path = "jpeg-8c/jdapimin.c"; sourceTree = "<group>"; };
		B76D54511492567B00D6CE30 /* jdapistd.c */ = {isa = PBXFileReference; fileEncoding = 4; lastKnownFileType = sourcecode.c.c; name = jdapistd.c; path = "jpeg-8c/jdapistd.c"; sourceTree = "<group>"; };
		B76D54521492567B00D6CE30 /* jdarith.c */ = {isa = PBXFileReference; fileEncoding = 4; lastKnownFileType = sourcecode.c.c; name = jdarith.c; path = "jpeg-8c/jdarith.c"; sourceTree = "<group>"; };
		B76D54531492567B00D6CE30 /* jdatadst.c */ = {isa = PBXFileReference; fileEncoding = 4; lastKnownFileType = sourcecode.c.c; name = jdatadst.c; path = "jpeg-8c/jdatadst.c"; sourceTree = "<group>"; };
		B76D54541492567B00D6CE30 /* jdatasrc.c */ = {isa = PBXFileReference; fileEncoding = 4; lastKnownFileType = sourcecode.c.c; name = jdatasrc.c; path = "jpeg-8c/jdatasrc.c"; sourceTree = "<group>"; };
		B76D54551492567B00D6CE30 /* jdcoefct.c */ = {isa = PBXFileReference; fileEncoding = 4; lastKnownFileType = sourcecode.c.c; name = jdcoefct.c; path = "jpeg-8c/jdcoefct.c"; sourceTree = "<group>"; };
		B76D54561492567B00D6CE30 /* jdcolor.c */ = {isa = PBXFileReference; fileEncoding = 4; lastKnownFileType = sourcecode.c.c; name = jdcolor.c; path = "jpeg-8c/jdcolor.c"; sourceTree = "<group>"; };
		B76D54571492567B00D6CE30 /* jddctmgr.c */ = {isa = PBXFileReference; fileEncoding = 4; lastKnownFileType = sourcecode.c.c; name = jddctmgr.c; path = "jpeg-8c/jddctmgr.c"; sourceTree = "<group>"; };
		B76D54581492567B00D6CE30 /* jdhuff.c */ = {isa = PBXFileReference; fileEncoding = 4; lastKnownFileType = sourcecode.c.c; name = jdhuff.c; path = "jpeg-8c/jdhuff.c"; sourceTree = "<group>"; };
		B76D54591492567B00D6CE30 /* jdinput.c */ = {isa = PBXFileReference; fileEncoding = 4; lastKnownFileType = sourcecode.c.c; name = jdinput.c; path = "jpeg-8c/jdinput.c"; sourceTree = "<group>"; };
		B76D545A1492567B00D6CE30 /* jdmainct.c */ = {isa = PBXFileReference; fileEncoding = 4; lastKnownFileType = sourcecode.c.c; name = jdmainct.c; path = "jpeg-8c/jdmainct.c"; sourceTree = "<group>"; };
		B76D545B1492567B00D6CE30 /* jdmarker.c */ = {isa = PBXFileReference; fileEncoding = 4; lastKnownFileType = sourcecode.c.c; name = jdmarker.c; path = "jpeg-8c/jdmarker.c"; sourceTree = "<group>"; };
		B76D545C1492567B00D6CE30 /* jdmaster.c */ = {isa = PBXFileReference; fileEncoding = 4; lastKnownFileType = sourcecode.c.c; name = jdmaster.c; path = "jpeg-8c/jdmaster.c"; sourceTree = "<group>"; };
		B76D545D1492567B00D6CE30 /* jdmerge.c */ = {isa = PBXFileReference; fileEncoding = 4; lastKnownFileType = sourcecode.c.c; name = jdmerge.c; path = "jpeg-8c/jdmerge.c"; sourceTree = "<group>"; };
		B76D545E1492567B00D6CE30 /* jdpostct.c */ = {isa = PBXFileReference; fileEncoding = 4; lastKnownFileType = sourcecode.c.c; name = jdpostct.c; path = "jpeg-8c/jdpostct.c"; sourceTree = "<group>"; };
		B76D545F1492567B00D6CE30 /* jdsample.c */ = {isa = PBXFileReference; fileEncoding = 4; lastKnownFileType = sourcecode.c.c; name = jdsample.c; path = "jpeg-8c/jdsample.c"; sourceTree = "<group>"; };
		B76D54601492567B00D6CE30 /* jdtrans.c */ = {isa = PBXFileReference; fileEncoding = 4; lastKnownFileType = sourcecode.c.c; name = jdtrans.c; path = "jpeg-8c/jdtrans.c"; sourceTree = "<group>"; };
		B76D54611492567B00D6CE30 /* jerror.c */ = {isa = PBXFileReference; fileEncoding = 4; lastKnownFileType = sourcecode.c.c; name = jerror.c; path = "jpeg-8c/jerror.c"; sourceTree = "<group>"; };
		B76D54621492567B00D6CE30 /* jfdctflt.c */ = {isa = PBXFileReference; fileEncoding = 4; lastKnownFileType = sourcecode.c.c; name = jfdctflt.c; path = "jpeg-8c/jfdctflt.c"; sourceTree = "<group>"; };
		B76D54631492567B00D6CE30 /* jfdctfst.c */ = {isa = PBXFileReference; fileEncoding = 4; lastKnownFileType = sourcecode.c.c; name = jfdctfst.c; path = "jpeg-8c/jfdctfst.c"; sourceTree = "<group>"; };
		B76D54641492567B00D6CE30 /* jfdctint.c */ = {isa = PBXFileReference; fileEncoding = 4; lastKnownFileType = sourcecode.c.c; name = jfdctint.c; path = "jpeg-8c/jfdctint.c"; sourceTree = "<group>"; };
		B76D54651492567B00D6CE30 /* jidctflt.c */ = {isa = PBXFileReference; fileEncoding = 4; lastKnownFileType = sourcecode.c.c; name = jidctflt.c; path = "jpeg-8c/jidctflt.c"; sourceTree = "<group>"; };
		B76D54661492567B00D6CE30 /* jidctfst.c */ = {isa = PBXFileReference; fileEncoding = 4; lastKnownFileType = sourcecode.c.c; name = jidctfst.c; path = "jpeg-8c/jidctfst.c"; sourceTree = "<group>"; };
		B76D54671492567B00D6CE30 /* jidctint.c */ = {isa = PBXFileReference; fileEncoding = 4; lastKnownFileType = sourcecode.c.c; name = jidctint.c; path = "jpeg-8c/jidctint.c"; sourceTree = "<group>"; };
		B76D546B1492567B00D6CE30 /* jmemmgr.c */ = {isa = PBXFileReference; fileEncoding = 4; lastKnownFileType = sourcecode.c.c; name = jmemmgr.c; path = "jpeg-8c/jmemmgr.c"; sourceTree = "<group>"; };
		B76D546D1492567B00D6CE30 /* jmemnobs.c */ = {isa = PBXFileReference; fileEncoding = 4; lastKnownFileType = sourcecode.c.c; name = jmemnobs.c; path = "jpeg-8c/jmemnobs.c"; sourceTree = "<group>"; };
		B76D546F1492567B00D6CE30 /* jquant1.c */ = {isa = PBXFileReference; fileEncoding = 4; lastKnownFileType = sourcecode.c.c; name = jquant1.c; path = "jpeg-8c/jquant1.c"; sourceTree = "<group>"; };
		B76D54701492567B00D6CE30 /* jquant2.c */ = {isa = PBXFileReference; fileEncoding = 4; lastKnownFileType = sourcecode.c.c; name = jquant2.c; path = "jpeg-8c/jquant2.c"; sourceTree = "<group>"; };
		B76D54711492567B00D6CE30 /* jutils.c */ = {isa = PBXFileReference; fileEncoding = 4; lastKnownFileType = sourcecode.c.c; name = jutils.c; path = "jpeg-8c/jutils.c"; sourceTree = "<group>"; };
		B76D54DA14925A6300D6CE30 /* libjpeg.a */ = {isa = PBXFileReference; explicitFileType = archive.ar; includeInIndex = 0; path = libjpeg.a; sourceTree = BUILT_PRODUCTS_DIR; };
/* End PBXFileReference section */

/* Begin PBXFrameworksBuildPhase section */
		B76D54D714925A6300D6CE30 /* Frameworks */ = {
			isa = PBXFrameworksBuildPhase;
			buildActionMask = 2147483647;
			files = (
			);
			runOnlyForDeploymentPostprocessing = 0;
		};
/* End PBXFrameworksBuildPhase section */

/* Begin PBXGroup section */
		B76D54271492562000D6CE30 = {
			isa = PBXGroup;
			children = (
				B76D54331492562000D6CE30 /* Products */,
				B76D54C91492568400D6CE30 /* Source */,
			);
			sourceTree = "<group>";
		};
		B76D54331492562000D6CE30 /* Products */ = {
			isa = PBXGroup;
			children = (
				B76D54DA14925A6300D6CE30 /* libjpeg.a */,
			);
			name = Products;
			sourceTree = "<group>";
		};
		B76D54C91492568400D6CE30 /* Source */ = {
			isa = PBXGroup;
			children = (
				B76D543F1492567B00D6CE30 /* jaricom.c */,
				B76D54401492567B00D6CE30 /* jcapimin.c */,
				B76D54411492567B00D6CE30 /* jcapistd.c */,
				B76D54421492567B00D6CE30 /* jcarith.c */,
				B76D54431492567B00D6CE30 /* jccoefct.c */,
				B76D54441492567B00D6CE30 /* jccolor.c */,
				B76D54451492567B00D6CE30 /* jcdctmgr.c */,
				B76D54461492567B00D6CE30 /* jchuff.c */,
				B76D54471492567B00D6CE30 /* jcinit.c */,
				B76D54481492567B00D6CE30 /* jcmainct.c */,
				B76D54491492567B00D6CE30 /* jcmarker.c */,
				B76D544A1492567B00D6CE30 /* jcmaster.c */,
				B76D544B1492567B00D6CE30 /* jcomapi.c */,
				B76D544C1492567B00D6CE30 /* jcparam.c */,
				B76D544D1492567B00D6CE30 /* jcprepct.c */,
				B76D544E1492567B00D6CE30 /* jcsample.c */,
				B76D544F1492567B00D6CE30 /* jctrans.c */,
				B76D54501492567B00D6CE30 /* jdapimin.c */,
				B76D54511492567B00D6CE30 /* jdapistd.c */,
				B76D54521492567B00D6CE30 /* jdarith.c */,
				B76D54531492567B00D6CE30 /* jdatadst.c */,
				B76D54541492567B00D6CE30 /* jdatasrc.c */,
				B76D54551492567B00D6CE30 /* jdcoefct.c */,
				B76D54561492567B00D6CE30 /* jdcolor.c */,
				B76D54571492567B00D6CE30 /* jddctmgr.c */,
				B76D54581492567B00D6CE30 /* jdhuff.c */,
				B76D54591492567B00D6CE30 /* jdinput.c */,
				B76D545A1492567B00D6CE30 /* jdmainct.c */,
				B76D545B1492567B00D6CE30 /* jdmarker.c */,
				B76D545C1492567B00D6CE30 /* jdmaster.c */,
				B76D545D1492567B00D6CE30 /* jdmerge.c */,
				B76D545E1492567B00D6CE30 /* jdpostct.c */,
				B76D545F1492567B00D6CE30 /* jdsample.c */,
				B76D54601492567B00D6CE30 /* jdtrans.c */,
				B76D54611492567B00D6CE30 /* jerror.c */,
				B76D54621492567B00D6CE30 /* jfdctflt.c */,
				B76D54631492567B00D6CE30 /* jfdctfst.c */,
				B76D54641492567B00D6CE30 /* jfdctint.c */,
				B76D54651492567B00D6CE30 /* jidctflt.c */,
				B76D54661492567B00D6CE30 /* jidctfst.c */,
				B76D54671492567B00D6CE30 /* jidctint.c */,
				B76D546B1492567B00D6CE30 /* jmemmgr.c */,
				B76D546D1492567B00D6CE30 /* jmemnobs.c */,
				B76D546F1492567B00D6CE30 /* jquant1.c */,
				B76D54701492567B00D6CE30 /* jquant2.c */,
				B76D54711492567B00D6CE30 /* jutils.c */,
			);
			name = Source;
			sourceTree = "<group>";
		};
/* End PBXGroup section */

/* Begin PBXHeadersBuildPhase section */
		B76D54D814925A6300D6CE30 /* Headers */ = {
			isa = PBXHeadersBuildPhase;
			buildActionMask = 2147483647;
			files = (
			);
			runOnlyForDeploymentPostprocessing = 0;
		};
/* End PBXHeadersBuildPhase section */

/* Begin PBXNativeTarget section */
		B76D54D914925A6300D6CE30 /* jpeg */ = {
			isa = PBXNativeTarget;
			buildConfigurationList = B76D54DB14925A6300D6CE30 /* Build configuration list for PBXNativeTarget "jpeg" */;
			buildPhases = (
				B76D54D614925A6300D6CE30 /* Sources */,
				B76D54D714925A6300D6CE30 /* Frameworks */,
				B76D54D814925A6300D6CE30 /* Headers */,
			);
			buildRules = (
			);
			dependencies = (
			);
			name = jpeg;
			productName = jpeg;
			productReference = B76D54DA14925A6300D6CE30 /* libjpeg.a */;
			productType = "com.apple.product-type.library.static";
		};
/* End PBXNativeTarget section */

/* Begin PBXProject section */
		B76D54291492562000D6CE30 /* Project object */ = {
			isa = PBXProject;
			attributes = {
				LastUpgradeCheck = 0420;
				ORGANIZATIONNAME = "org.yi.dttvb@gmail.com";
			};
			buildConfigurationList = B76D542C1492562000D6CE30 /* Build configuration list for PBXProject "jpeg-sm5" */;
			compatibilityVersion = "Xcode 3.2";
			developmentRegion = English;
			hasScannedForEncodings = 0;
			knownRegions = (
				en,
			);
			mainGroup = B76D54271492562000D6CE30;
			productRefGroup = B76D54331492562000D6CE30 /* Products */;
			projectDirPath = "";
			projectRoot = "";
			targets = (
				B76D54D914925A6300D6CE30 /* jpeg */,
			);
		};
/* End PBXProject section */

/* Begin PBXSourcesBuildPhase section */
		B76D54D614925A6300D6CE30 /* Sources */ = {
			isa = PBXSourcesBuildPhase;
			buildActionMask = 2147483647;
			files = (
				B76D54DE14925A9800D6CE30 /* jaricom.c in Sources */,
				B76D54DF14925A9800D6CE30 /* jcapimin.c in Sources */,
				B76D54E014925A9800D6CE30 /* jcapistd.c in Sources */,
				B76D54E114925A9800D6CE30 /* jcarith.c in Sources */,
				B76D54E214925A9800D6CE30 /* jccoefct.c in Sources */,
				B76D54E314925A9800D6CE30 /* jccolor.c in Sources */,
				B76D54E414925A9800D6CE30 /* jcdctmgr.c in Sources */,
				B76D54E514925A9800D6CE30 /* jchuff.c in Sources */,
				B76D54E614925A9800D6CE30 /* jcinit.c in Sources */,
				B76D54E714925A9800D6CE30 /* jcmainct.c in Sources */,
				B76D54E814925A9800D6CE30 /* jcmarker.c in Sources */,
				B76D54E914925A9800D6CE30 /* jcmaster.c in Sources */,
				B76D54EA14925A9800D6CE30 /* jcomapi.c in Sources */,
				B76D54EB14925A9800D6CE30 /* jcparam.c in Sources */,
				B76D54EC14925A9800D6CE30 /* jcprepct.c in Sources */,
				B76D54ED14925A9800D6CE30 /* jcsample.c in Sources */,
				B76D54EE14925A9800D6CE30 /* jctrans.c in Sources */,
				B76D54EF14925A9800D6CE30 /* jdapimin.c in Sources */,
				B76D54F014925A9800D6CE30 /* jdapistd.c in Sources */,
				B76D54F114925A9800D6CE30 /* jdarith.c in Sources */,
				B76D54F214925A9800D6CE30 /* jdatadst.c in Sources */,
				B76D54F314925A9800D6CE30 /* jdatasrc.c in Sources */,
				B76D54F414925A9800D6CE30 /* jdcoefct.c in Sources */,
				B76D54F514925A9800D6CE30 /* jdcolor.c in Sources */,
				B76D54F614925A9800D6CE30 /* jddctmgr.c in Sources */,
				B76D54F714925A9800D6CE30 /* jdhuff.c in Sources */,
				B76D54F814925A9800D6CE30 /* jdinput.c in Sources */,
				B76D54F914925A9800D6CE30 /* jdmainct.c in Sources */,
				B76D54FA14925A9800D6CE30 /* jdmarker.c in Sources */,
				B76D54FB14925A9800D6CE30 /* jdmaster.c in Sources */,
				B76D54FC14925A9800D6CE30 /* jdmerge.c in Sources */,
				B76D54FD14925A9800D6CE30 /* jdpostct.c in Sources */,
				B76D54FE14925A9800D6CE30 /* jdsample.c in Sources */,
				B76D54FF14925A9800D6CE30 /* jdtrans.c in Sources */,
				B76D550014925A9800D6CE30 /* jerror.c in Sources */,
				B76D550114925A9800D6CE30 /* jfdctflt.c in Sources */,
				B76D550214925A9800D6CE30 /* jfdctfst.c in Sources */,
				B76D550314925A9800D6CE30 /* jfdctint.c in Sources */,
				B76D550414925A9800D6CE30 /* jidctflt.c in Sources */,
				B76D550514925A9800D6CE30 /* jidctfst.c in Sources */,
				B76D550614925A9800D6CE30 /* jidctint.c in Sources */,
				B76D550714925A9800D6CE30 /* jmemmgr.c in Sources */,
				B76D550814925A9800D6CE30 /* jmemnobs.c in Sources */,
				B76D550914925A9800D6CE30 /* jquant1.c in Sources */,
				B76D550A14925A9800D6CE30 /* jquant2.c in Sources */,
				B76D550B14925A9800D6CE30 /* jutils.c in Sources */,
			);
			runOnlyForDeploymentPostprocessing = 0;
		};
/* End PBXSourcesBuildPhase section */

/* Begin XCBuildConfiguration section */
		B76D54341492562000D6CE30 /* Debug */ = {
			isa = XCBuildConfiguration;
			buildSettings = {
				ALWAYS_SEARCH_USER_PATHS = NO;
				COPY_PHASE_STRIP = NO;
				GCC_C_LANGUAGE_STANDARD = gnu99;
				GCC_DYNAMIC_NO_PIC = NO;
				GCC_ENABLE_OBJC_EXCEPTIONS = YES;
				GCC_OPTIMIZATION_LEVEL = 0;
				GCC_PREPROCESSOR_DEFINITIONS = (
					"DEBUG=1",
					"$(inherited)",
				);
				GCC_SYMBOLS_PRIVATE_EXTERN = NO;
				GCC_VERSION = com.apple.compilers.llvm.clang.1_0;
				GCC_WARN_64_TO_32_BIT_CONVERSION = YES;
				GCC_WARN_ABOUT_MISSING_PROTOTYPES = YES;
				GCC_WARN_ABOUT_RETURN_TYPE = YES;
				GCC_WARN_UNUSED_VARIABLE = YES;
				HEADER_SEARCH_PATHS = "$(SRCROOT)";
				MACOSX_DEPLOYMENT_TARGET = 10.5;
			};
			name = Debug;
		};
		B76D54351492562000D6CE30 /* Release */ = {
			isa = XCBuildConfiguration;
			buildSettings = {
				ALWAYS_SEARCH_USER_PATHS = NO;
				COPY_PHASE_STRIP = YES;
				DEBUG_INFORMATION_FORMAT = "dwarf-with-dsym";
				GCC_C_LANGUAGE_STANDARD = gnu99;
				GCC_ENABLE_OBJC_EXCEPTIONS = YES;
				GCC_VERSION = com.apple.compilers.llvm.clang.1_0;
				GCC_WARN_64_TO_32_BIT_CONVERSION = YES;
				GCC_WARN_ABOUT_MISSING_PROTOTYPES = YES;
				GCC_WARN_ABOUT_RETURN_TYPE = YES;
				GCC_WARN_UNUSED_VARIABLE = YES;
				HEADER_SEARCH_PATHS = "$(SRCROOT)";
				MACOSX_DEPLOYMENT_TARGET = 10.5;
			};
			name = Release;
		};
		B76D54DC14925A6300D6CE30 /* Debug */ = {
			isa = XCBuildConfiguration;
			buildSettings = {
				EXECUTABLE_PREFIX = lib;
				MACOSX_DEPLOYMENT_TARGET = 10.7;
				PRODUCT_NAME = "$(TARGET_NAME)";
			};
			name = Debug;
		};
		B76D54DD14925A6300D6CE30 /* Release */ = {
			isa = XCBuildConfiguration;
			buildSettings = {
				EXECUTABLE_PREFIX = lib;
				MACOSX_DEPLOYMENT_TARGET = 10.7;
				PRODUCT_NAME = "$(TARGET_NAME)";
			};
			name = Release;
		};
/* End XCBuildConfiguration section */

/* Begin XCConfigurationList section */
		B76D542C1492562000D6CE30 /* Build configuration list for PBXProject "jpeg-sm5" */ = {
			isa = XCConfigurationList;
			buildConfigurations = (
				B76D54341492562000D6CE30 /* Debug */,
				B76D54351492562000D6CE30 /* Release */,
			);
			defaultConfigurationIsVisible = 0;
			defaultConfigurationName = Release;
		};
		B76D54DB14925A6300D6CE30 /* Build configuration list for PBXNativeTarget "jpeg" */ = {
			isa = XCConfigurationList;
			buildConfigurations = (
				B76D54DC14925A6300D6CE30 /* Debug */,
				B76D54DD14925A6300D6CE30 /* Release */,
			);
			defaultConfigurationIsVisible = 0;
		};
/* End XCConfigurationList section */
	};
	rootObject = B76D54291492562000D6CE30 /* Project object */;
}
